
Microsoft Visual Studio Solution File, Format Version 12.00
# Visual Studio Version 17
VisualStudioVersion = 17.0.31903.59
MinimumVisualStudioVersion = 10.0.40219.1
Project("{2150E333-8FDC-42A3-9474-1A3956D46DE8}") = "Tests", "Tests", "{54D3422E-E4D6-4D1C-A43C-96ADBA76EE0A}"
EndProject
Project("{2150E333-8FDC-42A3-9474-1A3956D46DE8}") = "_Solution Items", "_Solution Items", "{81BD328E-8E83-410F-A7A2-26AC532A8CC6}"
	ProjectSection(SolutionItems) = preProject
		Notes-JCM.txt = Notes-JCM.txt
		Notes.txt = Notes.txt
	EndProjectSection
EndProject
Project("{2150E333-8FDC-42A3-9474-1A3956D46DE8}") = "Backend", "Backend", "{B18348DF-7722-4CDC-926B-D654C66AA83E}"
EndProject
Project("{9A19103F-16F7-4668-BE54-9A1E7A4F7556}") = "WTE.TintTrack.API.UnitTest", "_Tests\WTE.TintTrack.Tests\WTE.TintTrack.API.UnitTest.csproj", "{308609B2-9F48-4CD7-B707-AF116B5D36AE}"
EndProject
Project("{2150E333-8FDC-42A3-9474-1A3956D46DE8}") = "Core", "Core", "{5AE89042-DF77-4F6A-9C3F-9B9BCF36F082}"
EndProject
Project("{2150E333-8FDC-42A3-9474-1A3956D46DE8}") = "Business", "Business", "{E33A3E46-3885-4A7C-B9D0-41F62A206E69}"
EndProject
Project("{2150E333-8FDC-42A3-9474-1A3956D46DE8}") = "_Common", "_Common", "{58633DF4-454B-4493-88DA-C2ED8E00574B}"
EndProject
Project("{9A19103F-16F7-4668-BE54-9A1E7A4F7556}") = "WTE.TintTrack.Common", "_Common\WTE.TintTrack.Common\WTE.TintTrack.Common.csproj", "{38BCC326-2B1E-4B08-88D7-7F7BB7103C25}"
EndProject
Project("{9A19103F-16F7-4668-BE54-9A1E7A4F7556}") = "WTE.TintTrack.Common.Application", "_Common\WTE.TintTrack.Common.Application\WTE.TintTrack.Common.Application.csproj", "{FF7262D2-413A-442A-8D6C-6C82B72B74DB}"
EndProject
Project("{9A19103F-16F7-4668-BE54-9A1E7A4F7556}") = "WTE.TintTrack.Api", "WTE.TintTrack.Api\WTE.TintTrack.Api.csproj", "{132BCA3D-E63E-4935-A458-2C6D175E7C81}"
EndProject
Project("{9A19103F-16F7-4668-BE54-9A1E7A4F7556}") = "WTE.TintTrack.Core.Domain", "_Core\WTE.TintTrack.Core.Domain\WTE.TintTrack.Core.Domain.csproj", "{52082744-FCD8-4594-A204-73D727171081}"
EndProject
Project("{9A19103F-16F7-4668-BE54-9A1E7A4F7556}") = "WTE.TintTrack.Core.Application", "_Core\WTE.TintTrack.Core.Application\WTE.TintTrack.Core.Application.csproj", "{203FD083-E3C7-4105-A5B0-D31D0A99CB30}"
EndProject
Project("{9A19103F-16F7-4668-BE54-9A1E7A4F7556}") = "WTE.TintTrack.Business.Application", "_Business\WTE.TintTrack.Business.Application\WTE.TintTrack.Business.Application.csproj", "{CCF67532-38EB-48E6-9532-82927FD63D8D}"
EndProject
Project("{9A19103F-16F7-4668-BE54-9A1E7A4F7556}") = "WTE.TintTrack.Business.Infrastructure", "_Business\WTE.TintTrack.Business.Infrastructure\WTE.TintTrack.Business.Infrastructure.csproj", "{EE5736EA-1B05-44BD-A2F1-65C054F8938B}"
EndProject
Project("{9A19103F-16F7-4668-BE54-9A1E7A4F7556}") = "WTE.TintTrack.Business.Domain", "_Business\WTE.TintTrack.Business.Domain\WTE.TintTrack.Business.Domain.csproj", "{0D71FDFC-55BF-4A6B-B761-982ECEF9B8B7}"
EndProject
Project("{9A19103F-16F7-4668-BE54-9A1E7A4F7556}") = "WTE.TintTrack.Core.Infrastructure", "_Core\WTE.TintTrack.Core.Infrastructure\WTE.TintTrack.Core.Infrastructure.csproj", "{780F8B90-39DF-4891-B2D0-EA2A95FAFFEE}"
EndProject
Global
	GlobalSection(SolutionConfigurationPlatforms) = preSolution
		Debug|Any CPU = Debug|Any CPU
		Release|Any CPU = Release|Any CPU
	EndGlobalSection
	GlobalSection(ProjectConfigurationPlatforms) = postSolution
		{308609B2-9F48-4CD7-B707-AF116B5D36AE}.Debug|Any CPU.ActiveCfg = Debug|Any CPU
		{308609B2-9F48-4CD7-B707-AF116B5D36AE}.Debug|Any CPU.Build.0 = Debug|Any CPU
		{308609B2-9F48-4CD7-B707-AF116B5D36AE}.Release|Any CPU.ActiveCfg = Release|Any CPU
		{308609B2-9F48-4CD7-B707-AF116B5D36AE}.Release|Any CPU.Build.0 = Release|Any CPU
		{38BCC326-2B1E-4B08-88D7-7F7BB7103C25}.Debug|Any CPU.ActiveCfg = Debug|Any CPU
		{38BCC326-2B1E-4B08-88D7-7F7BB7103C25}.Debug|Any CPU.Build.0 = Debug|Any CPU
		{38BCC326-2B1E-4B08-88D7-7F7BB7103C25}.Release|Any CPU.ActiveCfg = Release|Any CPU
		{38BCC326-2B1E-4B08-88D7-7F7BB7103C25}.Release|Any CPU.Build.0 = Release|Any CPU
		{FF7262D2-413A-442A-8D6C-6C82B72B74DB}.Debug|Any CPU.ActiveCfg = Debug|Any CPU
		{FF7262D2-413A-442A-8D6C-6C82B72B74DB}.Debug|Any CPU.Build.0 = Debug|Any CPU
		{FF7262D2-413A-442A-8D6C-6C82B72B74DB}.Release|Any CPU.ActiveCfg = Release|Any CPU
		{FF7262D2-413A-442A-8D6C-6C82B72B74DB}.Release|Any CPU.Build.0 = Release|Any CPU
		{132BCA3D-E63E-4935-A458-2C6D175E7C81}.Debug|Any CPU.ActiveCfg = Debug|Any CPU
		{132BCA3D-E63E-4935-A458-2C6D175E7C81}.Debug|Any CPU.Build.0 = Debug|Any CPU
		{132BCA3D-E63E-4935-A458-2C6D175E7C81}.Release|Any CPU.ActiveCfg = Release|Any CPU
		{132BCA3D-E63E-4935-A458-2C6D175E7C81}.Release|Any CPU.Build.0 = Release|Any CPU
		{52082744-FCD8-4594-A204-73D727171081}.Debug|Any CPU.ActiveCfg = Debug|Any CPU
		{52082744-FCD8-4594-A204-73D727171081}.Debug|Any CPU.Build.0 = Debug|Any CPU
		{52082744-FCD8-4594-A204-73D727171081}.Release|Any CPU.ActiveCfg = Release|Any CPU
		{52082744-FCD8-4594-A204-73D727171081}.Release|Any CPU.Build.0 = Release|Any CPU
		{203FD083-E3C7-4105-A5B0-D31D0A99CB30}.Debug|Any CPU.ActiveCfg = Debug|Any CPU
		{203FD083-E3C7-4105-A5B0-D31D0A99CB30}.Debug|Any CPU.Build.0 = Debug|Any CPU
		{203FD083-E3C7-4105-A5B0-D31D0A99CB30}.Release|Any CPU.ActiveCfg = Release|Any CPU
		{203FD083-E3C7-4105-A5B0-D31D0A99CB30}.Release|Any CPU.Build.0 = Release|Any CPU
		{CCF67532-38EB-48E6-9532-82927FD63D8D}.Debug|Any CPU.ActiveCfg = Debug|Any CPU
		{CCF67532-38EB-48E6-9532-82927FD63D8D}.Debug|Any CPU.Build.0 = Debug|Any CPU
		{CCF67532-38EB-48E6-9532-82927FD63D8D}.Release|Any CPU.ActiveCfg = Release|Any CPU
		{CCF67532-38EB-48E6-9532-82927FD63D8D}.Release|Any CPU.Build.0 = Release|Any CPU
		{EE5736EA-1B05-44BD-A2F1-65C054F8938B}.Debug|Any CPU.ActiveCfg = Debug|Any CPU
		{EE5736EA-1B05-44BD-A2F1-65C054F8938B}.Debug|Any CPU.Build.0 = Debug|Any CPU
		{EE5736EA-1B05-44BD-A2F1-65C054F8938B}.Release|Any CPU.ActiveCfg = Release|Any CPU
		{EE5736EA-1B05-44BD-A2F1-65C054F8938B}.Release|Any CPU.Build.0 = Release|Any CPU
		{0D71FDFC-55BF-4A6B-B761-982ECEF9B8B7}.Debug|Any CPU.ActiveCfg = Debug|Any CPU
		{0D71FDFC-55BF-4A6B-B761-982ECEF9B8B7}.Debug|Any CPU.Build.0 = Debug|Any CPU
		{0D71FDFC-55BF-4A6B-B761-982ECEF9B8B7}.Release|Any CPU.ActiveCfg = Release|Any CPU
		{0D71FDFC-55BF-4A6B-B761-982ECEF9B8B7}.Release|Any CPU.Build.0 = Release|Any CPU
		{780F8B90-39DF-4891-B2D0-EA2A95FAFFEE}.Debug|Any CPU.ActiveCfg = Debug|Any CPU
		{780F8B90-39DF-4891-B2D0-EA2A95FAFFEE}.Debug|Any CPU.Build.0 = Debug|Any CPU
		{780F8B90-39DF-4891-B2D0-EA2A95FAFFEE}.Release|Any CPU.ActiveCfg = Release|Any CPU
		{780F8B90-39DF-4891-B2D0-EA2A95FAFFEE}.Release|Any CPU.Build.0 = Release|Any CPU
	EndGlobalSection
	GlobalSection(SolutionProperties) = preSolution
		HideSolutionNode = FALSE
	EndGlobalSection
	GlobalSection(NestedProjects) = preSolution
		{308609B2-9F48-4CD7-B707-AF116B5D36AE} = {54D3422E-E4D6-4D1C-A43C-96ADBA76EE0A}
		{5AE89042-DF77-4F6A-9C3F-9B9BCF36F082} = {B18348DF-7722-4CDC-926B-D654C66AA83E}
		{E33A3E46-3885-4A7C-B9D0-41F62A206E69} = {B18348DF-7722-4CDC-926B-D654C66AA83E}
		{58633DF4-454B-4493-88DA-C2ED8E00574B} = {B18348DF-7722-4CDC-926B-D654C66AA83E}
		{38BCC326-2B1E-4B08-88D7-7F7BB7103C25} = {58633DF4-454B-4493-88DA-C2ED8E00574B}
		{FF7262D2-413A-442A-8D6C-6C82B72B74DB} = {58633DF4-454B-4493-88DA-C2ED8E00574B}
		{132BCA3D-E63E-4935-A458-2C6D175E7C81} = {B18348DF-7722-4CDC-926B-D654C66AA83E}
		{52082744-FCD8-4594-A204-73D727171081} = {5AE89042-DF77-4F6A-9C3F-9B9BCF36F082}
		{203FD083-E3C7-4105-A5B0-D31D0A99CB30} = {5AE89042-DF77-4F6A-9C3F-9B9BCF36F082}
		{CCF67532-38EB-48E6-9532-82927FD63D8D} = {E33A3E46-3885-4A7C-B9D0-41F62A206E69}
		{EE5736EA-1B05-44BD-A2F1-65C054F8938B} = {E33A3E46-3885-4A7C-B9D0-41F62A206E69}
		{0D71FDFC-55BF-4A6B-B761-982ECEF9B8B7} = {E33A3E46-3885-4A7C-B9D0-41F62A206E69}
		{780F8B90-39DF-4891-B2D0-EA2A95FAFFEE} = {5AE89042-DF77-4F6A-9C3F-9B9BCF36F082}
	EndGlobalSection
	GlobalSection(ExtensibilityGlobals) = postSolution
		SolutionGuid = {4BD48FE3-3BDF-4FE3-BDC3-EB1B541B2889}
	EndGlobalSection
EndGlobal
